// !$*UTF8*$!
{
	archiveVersion = 1;
	classes = {
	};
	objectVersion = 77;
	objects = {

/* Begin PBXContainerItemProxy section */
		4FB832702D5C66560088424D /* PBXContainerItemProxy */ = {
			isa = PBXContainerItemProxy;
			containerPortal = 4FB832572D5C66550088424D /* Project object */;
			proxyType = 1;
			remoteGlobalIDString = 4FB8325E2D5C66550088424D;
			remoteInfo = Lab1_kailie_field;
		};
		4FB8327A2D5C66560088424D /* PBXContainerItemProxy */ = {
			isa = PBXContainerItemProxy;
			containerPortal = 4FB832572D5C66550088424D /* Project object */;
			proxyType = 1;
			remoteGlobalIDString = 4FB8325E2D5C66550088424D;
			remoteInfo = Lab1_kailie_field;
		};
/* End PBXContainerItemProxy section */

/* Begin PBXFileReference section */
		4FB8325F2D5C66550088424D /* Lab1_kailie_field.app */ = {isa = PBXFileReference; explicitFileType = wrapper.application; includeInIndex = 0; path = Lab1_kailie_field.app; sourceTree = BUILT_PRODUCTS_DIR; };
		4FB8326F2D5C66560088424D /* Lab1_kailie_fieldTests.xctest */ = {isa = PBXFileReference; explicitFileType = wrapper.cfbundle; includeInIndex = 0; path = Lab1_kailie_fieldTests.xctest; sourceTree = BUILT_PRODUCTS_DIR; };
		4FB832792D5C66560088424D /* Lab1_kailie_fieldUITests.xctest */ = {isa = PBXFileReference; explicitFileType = wrapper.cfbundle; includeInIndex = 0; path = Lab1_kailie_fieldUITests.xctest; sourceTree = BUILT_PRODUCTS_DIR; };
/* End PBXFileReference section */

/* Begin PBXFileSystemSynchronizedRootGroup section */
		4FB832612D5C66550088424D /* Lab1_kailie_field */ = {
			isa = PBXFileSystemSynchronizedRootGroup;
			path = Lab1_kailie_field;
			sourceTree = "<group>";
		};
		4FB832722D5C66560088424D /* Lab1_kailie_fieldTests */ = {
			isa = PBXFileSystemSynchronizedRootGroup;
			path = Lab1_kailie_fieldTests;
			sourceTree = "<group>";
		};
		4FB8327C2D5C66560088424D /* Lab1_kailie_fieldUITests */ = {
			isa = PBXFileSystemSynchronizedRootGroup;
			path = Lab1_kailie_fieldUITests;
			sourceTree = "<group>";
		};
/* End PBXFileSystemSynchronizedRootGroup section */

/* Begin PBXFrameworksBuildPhase section */
		4FB8325C2D5C66550088424D /* Frameworks */ = {
			isa = PBXFrameworksBuildPhase;
			buildActionMask = 2147483647;
			files = (
			);
			runOnlyForDeploymentPostprocessing = 0;
		};
		4FB8326C2D5C66560088424D /* Frameworks */ = {
			isa = PBXFrameworksBuildPhase;
			buildActionMask = 2147483647;
			files = (
			);
			runOnlyForDeploymentPostprocessing = 0;
		};
		4FB832762D5C66560088424D /* Frameworks */ = {
			isa = PBXFrameworksBuildPhase;
			buildActionMask = 2147483647;
			files = (
			);
			runOnlyForDeploymentPostprocessing = 0;
		};
/* End PBXFrameworksBuildPhase section */

/* Begin PBXGroup section */
		4FB832562D5C66550088424D = {
			isa = PBXGroup;
			children = (
				4FB832612D5C66550088424D /* Lab1_kailie_field */,
				4FB832722D5C66560088424D /* Lab1_kailie_fieldTests */,
				4FB8327C2D5C66560088424D /* Lab1_kailie_fieldUITests */,
				4FB832602D5C66550088424D /* Products */,
			);
			sourceTree = "<group>";
		};
		4FB832602D5C66550088424D /* Products */ = {
			isa = PBXGroup;
			children = (
				4FB8325F2D5C66550088424D /* Lab1_kailie_field.app */,
				4FB8326F2D5C66560088424D /* Lab1_kailie_fieldTests.xctest */,
				4FB832792D5C66560088424D /* Lab1_kailie_fieldUITests.xctest */,
			);
			name = Products;
			sourceTree = "<group>";
		};
/* End PBXGroup section */

/* Begin PBXNativeTarget section */
		4FB8325E2D5C66550088424D /* Lab1_kailie_field */ = {
			isa = PBXNativeTarget;
			buildConfigurationList = 4FB832832D5C66560088424D /* Build configuration list for PBXNativeTarget "Lab1_kailie_field" */;
			buildPhases = (
				4FB8325B2D5C66550088424D /* Sources */,
				4FB8325C2D5C66550088424D /* Frameworks */,
				4FB8325D2D5C66550088424D /* Resources */,
			);
			buildRules = (
			);
			dependencies = (
			);
			fileSystemSynchronizedGroups = (
				4FB832612D5C66550088424D /* Lab1_kailie_field */,
			);
			name = Lab1_kailie_field;
			packageProductDependencies = (
			);
			productName = Lab1_kailie_field;
			productReference = 4FB8325F2D5C66550088424D /* Lab1_kailie_field.app */;
			productType = "com.apple.product-type.application";
		};
		4FB8326E2D5C66560088424D /* Lab1_kailie_fieldTests */ = {
			isa = PBXNativeTarget;
			buildConfigurationList = 4FB832862D5C66560088424D /* Build configuration list for PBXNativeTarget "Lab1_kailie_fieldTests" */;
			buildPhases = (
				4FB8326B2D5C66560088424D /* Sources */,
				4FB8326C2D5C66560088424D /* Frameworks */,
				4FB8326D2D5C66560088424D /* Resources */,
			);
			buildRules = (
			);
			dependencies = (
				4FB832712D5C66560088424D /* PBXTargetDependency */,
			);
			fileSystemSynchronizedGroups = (
				4FB832722D5C66560088424D /* Lab1_kailie_fieldTests */,
			);
			name = Lab1_kailie_fieldTests;
			packageProductDependencies = (
			);
			productName = Lab1_kailie_fieldTests;
			productReference = 4FB8326F2D5C66560088424D /* Lab1_kailie_fieldTests.xctest */;
			productType = "com.apple.product-type.bundle.unit-test";
		};
		4FB832782D5C66560088424D /* Lab1_kailie_fieldUITests */ = {
			isa = PBXNativeTarget;
			buildConfigurationList = 4FB832892D5C66560088424D /* Build configuration list for PBXNativeTarget "Lab1_kailie_fieldUITests" */;
			buildPhases = (
				4FB832752D5C66560088424D /* Sources */,
				4FB832762D5C66560088424D /* Frameworks */,
				4FB832772D5C66560088424D /* Resources */,
			);
			buildRules = (
			);
			dependencies = (
				4FB8327B2D5C66560088424D /* PBXTargetDependency */,
			);
			fileSystemSynchronizedGroups = (
				4FB8327C2D5C66560088424D /* Lab1_kailie_fieldUITests */,
			);
			name = Lab1_kailie_fieldUITests;
			packageProductDependencies = (
			);
			productName = Lab1_kailie_fieldUITests;
			productReference = 4FB832792D5C66560088424D /* Lab1_kailie_fieldUITests.xctest */;
			productType = "com.apple.product-type.bundle.ui-testing";
		};
/* End PBXNativeTarget section */

/* Begin PBXProject section */
		4FB832572D5C66550088424D /* Project object */ = {
			isa = PBXProject;
			attributes = {
				BuildIndependentTargetsInParallel = 1;
				LastSwiftUpdateCheck = 1620;
				LastUpgradeCheck = 1620;
				TargetAttributes = {
					4FB8325E2D5C66550088424D = {
						CreatedOnToolsVersion = 16.2;
					};
					4FB8326E2D5C66560088424D = {
						CreatedOnToolsVersion = 16.2;
						TestTargetID = 4FB8325E2D5C66550088424D;
					};
					4FB832782D5C66560088424D = {
						CreatedOnToolsVersion = 16.2;
						TestTargetID = 4FB8325E2D5C66550088424D;
					};
				};
			};
			buildConfigurationList = 4FB8325A2D5C66550088424D /* Build configuration list for PBXProject "Lab1_kailie_field" */;
			developmentRegion = en;
			hasScannedForEncodings = 0;
			knownRegions = (
				en,
				Base,
			);
			mainGroup = 4FB832562D5C66550088424D;
			minimizedProjectReferenceProxies = 1;
			preferredProjectObjectVersion = 77;
			productRefGroup = 4FB832602D5C66550088424D /* Products */;
			projectDirPath = "";
			projectRoot = "";
			targets = (
				4FB8325E2D5C66550088424D /* Lab1_kailie_field */,
				4FB8326E2D5C66560088424D /* Lab1_kailie_fieldTests */,
				4FB832782D5C66560088424D /* Lab1_kailie_fieldUITests */,
			);
		};
/* End PBXProject section */

/* Begin PBXResourcesBuildPhase section */
		4FB8325D2D5C66550088424D /* Resources */ = {
			isa = PBXResourcesBuildPhase;
			buildActionMask = 2147483647;
			files = (
			);
			runOnlyForDeploymentPostprocessing = 0;
		};
		4FB8326D2D5C66560088424D /* Resources */ = {
			isa = PBXResourcesBuildPhase;
			buildActionMask = 2147483647;
			files = (
			);
			runOnlyForDeploymentPostprocessing = 0;
		};
		4FB832772D5C66560088424D /* Resources */ = {
			isa = PBXResourcesBuildPhase;
			buildActionMask = 2147483647;
			files = (
			);
			runOnlyForDeploymentPostprocessing = 0;
		};
/* End PBXResourcesBuildPhase section */

/* Begin PBXSourcesBuildPhase section */
		4FB8325B2D5C66550088424D /* Sources */ = {
			isa = PBXSourcesBuildPhase;
			buildActionMask = 2147483647;
			files = (
			);
			runOnlyForDeploymentPostprocessing = 0;
		};
		4FB8326B2D5C66560088424D /* Sources */ = {
			isa = PBXSourcesBuildPhase;
			buildActionMask = 2147483647;
			files = (
			);
			runOnlyForDeploymentPostprocessing = 0;
		};
		4FB832752D5C66560088424D /* Sources */ = {
			isa = PBXSourcesBuildPhase;
			buildActionMask = 2147483647;
			files = (
			);
			runOnlyForDeploymentPostprocessing = 0;
		};
/* End PBXSourcesBuildPhase section */

/* Begin PBXTargetDependency section */
		4FB832712D5C66560088424D /* PBXTargetDependency */ = {
			isa = PBXTargetDependency;
			target = 4FB8325E2D5C66550088424D /* Lab1_kailie_field */;
			targetProxy = 4FB832702D5C66560088424D /* PBXContainerItemProxy */;
		};
		4FB8327B2D5C66560088424D /* PBXTargetDependency */ = {
			isa = PBXTargetDependency;
			target = 4FB8325E2D5C66550088424D /* Lab1_kailie_field */;
			targetProxy = 4FB8327A2D5C66560088424D /* PBXContainerItemProxy */;
		};
/* End PBXTargetDependency section */

/* Begin XCBuildConfiguration section */
		4FB832812D5C66560088424D /* Debug */ = {
			isa = XCBuildConfiguration;
			buildSettings = {
				ALWAYS_SEARCH_USER_PATHS = NO;
				ASSETCATALOG_COMPILER_GENERATE_SWIFT_ASSET_SYMBOL_EXTENSIONS = YES;
				CLANG_ANALYZER_NONNULL = YES;
				CLANG_ANALYZER_NUMBER_OBJECT_CONVERSION = YES_AGGRESSIVE;
				CLANG_CXX_LANGUAGE_STANDARD = "gnu++20";
				CLANG_ENABLE_MODULES = YES;
				CLANG_ENABLE_OBJC_ARC = YES;
				CLANG_ENABLE_OBJC_WEAK = YES;
				CLANG_WARN_BLOCK_CAPTURE_AUTORELEASING = YES;
				CLANG_WARN_BOOL_CONVERSION = YES;
				CLANG_WARN_COMMA = YES;
				CLANG_WARN_CONSTANT_CONVERSION = YES;
				CLANG_WARN_DEPRECATED_OBJC_IMPLEMENTATIONS = YES;
				CLANG_WARN_DIRECT_OBJC_ISA_USAGE = YES_ERROR;
				CLANG_WARN_DOCUMENTATION_COMMENTS = YES;
				CLANG_WARN_EMPTY_BODY = YES;
				CLANG_WARN_ENUM_CONVERSION = YES;
				CLANG_WARN_INFINITE_RECURSION = YES;
				CLANG_WARN_INT_CONVERSION = YES;
				CLANG_WARN_NON_LITERAL_NULL_CONVERSION = YES;
				CLANG_WARN_OBJC_IMPLICIT_RETAIN_SELF = YES;
				CLANG_WARN_OBJC_LITERAL_CONVERSION = YES;
				CLANG_WARN_OBJC_ROOT_CLASS = YES_ERROR;
				CLANG_WARN_QUOTED_INCLUDE_IN_FRAMEWORK_HEADER = YES;
				CLANG_WARN_RANGE_LOOP_ANALYSIS = YES;
				CLANG_WARN_STRICT_PROTOTYPES = YES;
				CLANG_WARN_SUSPICIOUS_MOVE = YES;
				CLANG_WARN_UNGUARDED_AVAILABILITY = YES_AGGRESSIVE;
				CLANG_WARN_UNREACHABLE_CODE = YES;
				CLANG_WARN__DUPLICATE_METHOD_MATCH = YES;
				COPY_PHASE_STRIP = NO;
				DEBUG_INFORMATION_FORMAT = dwarf;
				ENABLE_STRICT_OBJC_MSGSEND = YES;
				ENABLE_TESTABILITY = YES;
				ENABLE_USER_SCRIPT_SANDBOXING = YES;
				GCC_C_LANGUAGE_STANDARD = gnu17;
				GCC_DYNAMIC_NO_PIC = NO;
				GCC_NO_COMMON_BLOCKS = YES;
				GCC_OPTIMIZATION_LEVEL = 0;
				GCC_PREPROCESSOR_DEFINITIONS = (
					"DEBUG=1",
					"$(inherited)",
				);
				GCC_WARN_64_TO_32_BIT_CONVERSION = YES;
				GCC_WARN_ABOUT_RETURN_TYPE = YES_ERROR;
				GCC_WARN_UNDECLARED_SELECTOR = YES;
				GCC_WARN_UNINITIALIZED_AUTOS = YES_AGGRESSIVE;
				GCC_WARN_UNUSED_FUNCTION = YES;
				GCC_WARN_UNUSED_VARIABLE = YES;
				IPHONEOS_DEPLOYMENT_TARGET = 18.2;
				LOCALIZATION_PREFERS_STRING_CATALOGS = YES;
				MTL_ENABLE_DEBUG_INFO = INCLUDE_SOURCE;
				MTL_FAST_MATH = YES;
				ONLY_ACTIVE_ARCH = YES;
				SDKROOT = iphoneos;
				SWIFT_ACTIVE_COMPILATION_CONDITIONS = "DEBUG $(inherited)";
				SWIFT_OPTIMIZATION_LEVEL = "-Onone";
			};
			name = Debug;
		};
		4FB832822D5C66560088424D /* Release */ = {
			isa = XCBuildConfiguration;
			buildSettings = {
				ALWAYS_SEARCH_USER_PATHS = NO;
				ASSETCATALOG_COMPILER_GENERATE_SWIFT_ASSET_SYMBOL_EXTENSIONS = YES;
				CLANG_ANALYZER_NONNULL = YES;
				CLANG_ANALYZER_NUMBER_OBJECT_CONVERSION = YES_AGGRESSIVE;
				CLANG_CXX_LANGUAGE_STANDARD = "gnu++20";
				CLANG_ENABLE_MODULES = YES;
				CLANG_ENABLE_OBJC_ARC = YES;
				CLANG_ENABLE_OBJC_WEAK = YES;
				CLANG_WARN_BLOCK_CAPTURE_AUTORELEASING = YES;
				CLANG_WARN_BOOL_CONVERSION = YES;
				CLANG_WARN_COMMA = YES;
				CLANG_WARN_CONSTANT_CONVERSION = YES;
				CLANG_WARN_DEPRECATED_OBJC_IMPLEMENTATIONS = YES;
				CLANG_WARN_DIRECT_OBJC_ISA_USAGE = YES_ERROR;
				CLANG_WARN_DOCUMENTATION_COMMENTS = YES;
				CLANG_WARN_EMPTY_BODY = YES;
				CLANG_WARN_ENUM_CONVERSION = YES;
				CLANG_WARN_INFINITE_RECURSION = YES;
				CLANG_WARN_INT_CONVERSION = YES;
				CLANG_WARN_NON_LITERAL_NULL_CONVERSION = YES;
				CLANG_WARN_OBJC_IMPLICIT_RETAIN_SELF = YES;
				CLANG_WARN_OBJC_LITERAL_CONVERSION = YES;
				CLANG_WARN_OBJC_ROOT_CLASS = YES_ERROR;
				CLANG_WARN_QUOTED_INCLUDE_IN_FRAMEWORK_HEADER = YES;
				CLANG_WARN_RANGE_LOOP_ANALYSIS = YES;
				CLANG_WARN_STRICT_PROTOTYPES = YES;
				CLANG_WARN_SUSPICIOUS_MOVE = YES;
				CLANG_WARN_UNGUARDED_AVAILABILITY = YES_AGGRESSIVE;
				CLANG_WARN_UNREACHABLE_CODE = YES;
				CLANG_WARN__DUPLICATE_METHOD_MATCH = YES;
				COPY_PHASE_STRIP = NO;
				DEBUG_INFORMATION_FORMAT = "dwarf-with-dsym";
				ENABLE_NS_ASSERTIONS = NO;
				ENABLE_STRICT_OBJC_MSGSEND = YES;
				ENABLE_USER_SCRIPT_SANDBOXING = YES;
				GCC_C_LANGUAGE_STANDARD = gnu17;
				GCC_NO_COMMON_BLOCKS = YES;
				GCC_WARN_64_TO_32_BIT_CONVERSION = YES;
				GCC_WARN_ABOUT_RETURN_TYPE = YES_ERROR;
				GCC_WARN_UNDECLARED_SELECTOR = YES;
				GCC_WARN_UNINITIALIZED_AUTOS = YES_AGGRESSIVE;
				GCC_WARN_UNUSED_FUNCTION = YES;
				GCC_WARN_UNUSED_VARIABLE = YES;
				IPHONEOS_DEPLOYMENT_TARGET = 18.2;
				LOCALIZATION_PREFERS_STRING_CATALOGS = YES;
				MTL_ENABLE_DEBUG_INFO = NO;
				MTL_FAST_MATH = YES;
				SDKROOT = iphoneos;
				SWIFT_COMPILATION_MODE = wholemodule;
				VALIDATE_PRODUCT = YES;
			};
			name = Release;
		};
		4FB832842D5C66560088424D /* Debug */ = {
			isa = XCBuildConfiguration;
			buildSettings = {
				ASSETCATALOG_COMPILER_APPICON_NAME = AppIcon;
				ASSETCATALOG_COMPILER_GLOBAL_ACCENT_COLOR_NAME = AccentColor;
				CODE_SIGN_STYLE = Automatic;
				CURRENT_PROJECT_VERSION = 1;
				DEVELOPMENT_ASSET_PATHS = "\"Lab1_kailie_field/Preview Content\"";
				ENABLE_PREVIEWS = YES;
				GENERATE_INFOPLIST_FILE = YES;
				INFOPLIST_KEY_UIApplicationSceneManifest_Generation = YES;
				INFOPLIST_KEY_UIApplicationSupportsIndirectInputEvents = YES;
				INFOPLIST_KEY_UILaunchScreen_Generation = YES;
				INFOPLIST_KEY_UISupportedInterfaceOrientations_iPad = "UIInterfaceOrientationPortrait UIInterfaceOrientationPortraitUpsideDown UIInterfaceOrientationLandscapeLeft UIInterfaceOrientationLandscapeRight";
				INFOPLIST_KEY_UISupportedInterfaceOrientations_iPhone = "UIInterfaceOrientationPortrait UIInterfaceOrientationLandscapeLeft UIInterfaceOrientationLandscapeRight";
				LD_RUNPATH_SEARCH_PATHS = (
					"$(inherited)",
					"@executable_path/Frameworks",
				);
				MARKETING_VERSION = 1.0;
				PRODUCT_BUNDLE_IDENTIFIER = "mobile.Lab1-kailie-field";
				PRODUCT_NAME = "$(TARGET_NAME)";
				SWIFT_EMIT_LOC_STRINGS = YES;
				SWIFT_VERSION = 5.0;
				TARGETED_DEVICE_FAMILY = "1,2";
			};
			name = Debug;
		};
		4FB832852D5C66560088424D /* Release */ = {
			isa = XCBuildConfiguration;
			buildSettings = {
				ASSETCATALOG_COMPILER_APPICON_NAME = AppIcon;
				ASSETCATALOG_COMPILER_GLOBAL_ACCENT_COLOR_NAME = AccentColor;
				CODE_SIGN_STYLE = Automatic;
				CURRENT_PROJECT_VERSION = 1;
				DEVELOPMENT_ASSET_PATHS = "\"Lab1_kailie_field/Preview Content\"";
				ENABLE_PREVIEWS = YES;
				GENERATE_INFOPLIST_FILE = YES;
				INFOPLIST_KEY_UIApplicationSceneManifest_Generation = YES;
				INFOPLIST_KEY_UIApplicationSupportsIndirectInputEvents = YES;
				INFOPLIST_KEY_UILaunchScreen_Generation = YES;
				INFOPLIST_KEY_UISupportedInterfaceOrientations_iPad = "UIInterfaceOrientationPortrait UIInterfaceOrientationPortraitUpsideDown UIInterfaceOrientationLandscapeLeft UIInterfaceOrientationLandscapeRight";
				INFOPLIST_KEY_UISupportedInterfaceOrientations_iPhone = "UIInterfaceOrientationPortrait UIInterfaceOrientationLandscapeLeft UIInterfaceOrientationLandscapeRight";
				LD_RUNPATH_SEARCH_PATHS = (
					"$(inherited)",
					"@executable_path/Frameworks",
				);
				MARKETING_VERSION = 1.0;
				PRODUCT_BUNDLE_IDENTIFIER = "mobile.Lab1-kailie-field";
				PRODUCT_NAME = "$(TARGET_NAME)";
				SWIFT_EMIT_LOC_STRINGS = YES;
				SWIFT_VERSION = 5.0;
				TARGETED_DEVICE_FAMILY = "1,2";
			};
			name = Release;
		};
		4FB832872D5C66560088424D /* Debug */ = {
			isa = XCBuildConfiguration;
			buildSettings = {
				BUNDLE_LOADER = "$(TEST_HOST)";
				CODE_SIGN_STYLE = Automatic;
				CURRENT_PROJECT_VERSION = 1;
				GENERATE_INFOPLIST_FILE = YES;
				IPHONEOS_DEPLOYMENT_TARGET = 18.2;
				MARKETING_VERSION = 1.0;
				PRODUCT_BUNDLE_IDENTIFIER = "mobile.Lab1-kailie-fieldTests";
				PRODUCT_NAME = "$(TARGET_NAME)";
				SWIFT_EMIT_LOC_STRINGS = NO;
				SWIFT_VERSION = 5.0;
				TARGETED_DEVICE_FAMILY = "1,2";
				TEST_HOST = "$(BUILT_PRODUCTS_DIR)/Lab1_kailie_field.app/$(BUNDLE_EXECUTABLE_FOLDER_PATH)/Lab1_kailie_field";
			};
			name = Debug;
		};
		4FB832882D5C66560088424D /* Release */ = {
			isa = XCBuildConfiguration;
			buildSettings = {
				BUNDLE_LOADER = "$(TEST_HOST)";
				CODE_SIGN_STYLE = Automatic;
				CURRENT_PROJECT_VERSION = 1;
				GENERATE_INFOPLIST_FILE = YES;
				IPHONEOS_DEPLOYMENT_TARGET = 18.2;
				MARKETING_VERSION = 1.0;
				PRODUCT_BUNDLE_IDENTIFIER = "mobile.Lab1-kailie-fieldTests";
				PRODUCT_NAME = "$(TARGET_NAME)";
				SWIFT_EMIT_LOC_STRINGS = NO;
				SWIFT_VERSION = 5.0;
				TARGETED_DEVICE_FAMILY = "1,2";
				TEST_HOST = "$(BUILT_PRODUCTS_DIR)/Lab1_kailie_field.app/$(BUNDLE_EXECUTABLE_FOLDER_PATH)/Lab1_kailie_field";
			};
			name = Release;
		};
		4FB8328A2D5C66560088424D /* Debug */ = {
			isa = XCBuildConfiguration;
			buildSettings = {
				CODE_SIGN_STYLE = Automatic;
				CURRENT_PROJECT_VERSION = 1;
				GENERATE_INFOPLIST_FILE = YES;
				MARKETING_VERSION = 1.0;
				PRODUCT_BUNDLE_IDENTIFIER = "mobile.Lab1-kailie-fieldUITests";
				PRODUCT_NAME = "$(TARGET_NAME)";
				SWIFT_EMIT_LOC_STRINGS = NO;
				SWIFT_VERSION = 5.0;
				TARGETED_DEVICE_FAMILY = "1,2";
				TEST_TARGET_NAME = Lab1_kailie_field;
			};
			name = Debug;
		};
		4FB8328B2D5C66560088424D /* Release */ = {
			isa = XCBuildConfiguration;
			buildSettings = {
				CODE_SIGN_STYLE = Automatic;
				CURRENT_PROJECT_VERSION = 1;
				GENERATE_INFOPLIST_FILE = YES;
				MARKETING_VERSION = 1.0;
				PRODUCT_BUNDLE_IDENTIFIER = "mobile.Lab1-kailie-fieldUITests";
				PRODUCT_NAME = "$(TARGET_NAME)";
				SWIFT_EMIT_LOC_STRINGS = NO;
				SWIFT_VERSION = 5.0;
				TARGETED_DEVICE_FAMILY = "1,2";
				TEST_TARGET_NAME = Lab1_kailie_field;
			};
			name = Release;
		};
/* End XCBuildConfiguration section */

/* Begin XCConfigurationList section */
		4FB8325A2D5C66550088424D /* Build configuration list for PBXProject "Lab1_kailie_field" */ = {
			isa = XCConfigurationList;
			buildConfigurations = (
				4FB832812D5C66560088424D /* Debug */,
				4FB832822D5C66560088424D /* Release */,
			);
			defaultConfigurationIsVisible = 0;
			defaultConfigurationName = Release;
		};
		4FB832832D5C66560088424D /* Build configuration list for PBXNativeTarget "Lab1_kailie_field" */ = {
			isa = XCConfigurationList;
			buildConfigurations = (
				4FB832842D5C66560088424D /* Debug */,
				4FB832852D5C66560088424D /* Release */,
			);
			defaultConfigurationIsVisible = 0;
			defaultConfigurationName = Release;
		};
		4FB832862D5C66560088424D /* Build configuration list for PBXNativeTarget "Lab1_kailie_fieldTests" */ = {
			isa = XCConfigurationList;
			buildConfigurations = (
				4FB832872D5C66560088424D /* Debug */,
				4FB832882D5C66560088424D /* Release */,
			);
			defaultConfigurationIsVisible = 0;
			defaultConfigurationName = Release;
		};
		4FB832892D5C66560088424D /* Build configuration list for PBXNativeTarget "Lab1_kailie_fieldUITests" */ = {
			isa = XCConfigurationList;
			buildConfigurations = (
				4FB8328A2D5C66560088424D /* Debug */,
				4FB8328B2D5C66560088424D /* Release */,
			);
			defaultConfigurationIsVisible = 0;
			defaultConfigurationName = Release;
		};
/* End XCConfigurationList section */
	};
	rootObject = 4FB832572D5C66550088424D /* Project object */;
}
